
Microsoft Visual Studio Solution File, Format Version 12.00
# Visual Studio Version 17
VisualStudioVersion = 17.3.32825.248
MinimumVisualStudioVersion = 10.0.40219.1
Project("{FAE04EC0-301F-11D3-BF4B-00C04F79EFBC}") = "Q1", "Q1\Q1.csproj", "{03515956-05E6-471D-80CB-ECAE87BB4054}"
EndProject
Global
	GlobalSection(SolutionConfigurationPlatforms) = preSolution
		Debug|Any CPU = Debug|Any CPU
		Release|Any CPU = Release|Any CPU
	EndGlobalSection
	GlobalSection(ProjectConfigurationPlatforms) = postSolution
		{03515956-05E6-471D-80CB-ECAE87BB4054}.Debug|Any CPU.ActiveCfg = Debug|Any CPU
		{03515956-05E6-471D-80CB-ECAE87BB4054}.Debug|Any CPU.Build.0 = Debug|Any CPU
		{03515956-05E6-471D-80CB-ECAE87BB4054}.Release|Any CPU.ActiveCfg = Release|Any CPU
		{03515956-05E6-471D-80CB-ECAE87BB4054}.Release|Any CPU.Build.0 = Release|Any CPU
	EndGlobalSection
	GlobalSection(SolutionProperties) = preSolution
		HideSolutionNode = FALSE
	EndGlobalSection
	GlobalSection(ExtensibilityGlobals) = postSolution
		SolutionGuid = {FFF36C3E-5742-4484-B0B3-F8F6FC2CE05E}
	EndGlobalSection
EndGlobal
